
Microsoft Visual Studio Solution File, Format Version 12.00
# Visual Studio Version 17
VisualStudioVersion = 17.10.35027.167
MinimumVisualStudioVersion = 10.0.40219.1
Project("{FAE04EC0-301F-11D3-BF4B-00C04F79EFBC}") = "Payments", "Payments\Payments.csproj", "{06F8F0EC-DA8C-4124-9F59-9C184CF72A67}"
EndProject
Project("{FAE04EC0-301F-11D3-BF4B-00C04F79EFBC}") = "Payments.Tests", "Payments.Tests\Payments.Tests.csproj", "{38918F07-A4AC-44BA-8C16-D81B4270F293}"
EndProject
Global
	GlobalSection(SolutionConfigurationPlatforms) = preSolution
		Debug|Any CPU = Debug|Any CPU
		Release|Any CPU = Release|Any CPU
	EndGlobalSection
	GlobalSection(ProjectConfigurationPlatforms) = postSolution
		{06F8F0EC-DA8C-4124-9F59-9C184CF72A67}.Debug|Any CPU.ActiveCfg = Debug|Any CPU
		{06F8F0EC-DA8C-4124-9F59-9C184CF72A67}.Debug|Any CPU.Build.0 = Debug|Any CPU
		{06F8F0EC-DA8C-4124-9F59-9C184CF72A67}.Release|Any CPU.ActiveCfg = Release|Any CPU
		{06F8F0EC-DA8C-4124-9F59-9C184CF72A67}.Release|Any CPU.Build.0 = Release|Any CPU
		{38918F07-A4AC-44BA-8C16-D81B4270F293}.Debug|Any CPU.ActiveCfg = Debug|Any CPU
		{38918F07-A4AC-44BA-8C16-D81B4270F293}.Debug|Any CPU.Build.0 = Debug|Any CPU
		{38918F07-A4AC-44BA-8C16-D81B4270F293}.Release|Any CPU.ActiveCfg = Release|Any CPU
		{38918F07-A4AC-44BA-8C16-D81B4270F293}.Release|Any CPU.Build.0 = Release|Any CPU
	EndGlobalSection
	GlobalSection(SolutionProperties) = preSolution
		HideSolutionNode = FALSE
	EndGlobalSection
	GlobalSection(ExtensibilityGlobals) = postSolution
		SolutionGuid = {7B166596-298E-4F81-B66D-0B0BEA3A9ECA}
	EndGlobalSection
EndGlobal
